dependencies:
- name: mysql
  repository: https://kubernetes-charts.storage.googleapis.com
  version: 0.15.0
- name: mongodb
  repository: https://kubernetes-charts.storage.googleapis.com
  version: 5.16.1
digest: sha256:e5cb8aa5486a153de7bde90d6c1294cf65d4fe43001544f0bdc82fa81399482c
generated: 2019-04-18T01:25:31.991984-04:00
